
Microsoft Visual Studio Solution File, Format Version 12.00
# Visual Studio Version 16
VisualStudioVersion = 16.0.29519.181
MinimumVisualStudioVersion = 10.0.40219.1
Project("{FAE04EC0-301F-11D3-BF4B-00C04F79EFBC}") = "App3.UWP", "App3\App3.UWP\App3.UWP.csproj", "{5937C1CB-24EE-41F6-A384-A671BBA5AE3E}"
EndProject
Project("{FAE04EC0-301F-11D3-BF4B-00C04F79EFBC}") = "App3.Android", "App3\App3.Android\App3.Android.csproj", "{A93F48B1-B5E6-4C44-9EDE-A2C380481B74}"
EndProject
Project("{FAE04EC0-301F-11D3-BF4B-00C04F79EFBC}") = "App3.iOS", "App3\App3.iOS\App3.iOS.csproj", "{C35C3997-C2C3-4BDE-90DA-8A05B44951F8}"
EndProject
Project("{9A19103F-16F7-4668-BE54-9A1E7A4F7556}") = "App3", "App3\App3\App3.csproj", "{06AD4217-AC39-4967-AB83-21D945376D1B}"
EndProject
Project("{9A19103F-16F7-4668-BE54-9A1E7A4F7556}") = "App3.UITests", "App3\App3.UITests\App3.UITests.csproj", "{D9C7370D-6F67-4838-93F9-240D5EC083A1}"
EndProject
Project("{9A19103F-16F7-4668-BE54-9A1E7A4F7556}") = "App3.wpf", "App3\App3.wpf\App3.wpf.csproj", "{FFB6C6EA-94EE-4837-B86F-33E0595394C8}"
EndProject
Global
	GlobalSection(SolutionConfigurationPlatforms) = preSolution
		Debug|Any CPU = Debug|Any CPU
		Debug|ARM = Debug|ARM
		Debug|iPhone = Debug|iPhone
		Debug|iPhoneSimulator = Debug|iPhoneSimulator
		Debug|x64 = Debug|x64
		Debug|x86 = Debug|x86
		Release|Any CPU = Release|Any CPU
		Release|ARM = Release|ARM
		Release|iPhone = Release|iPhone
		Release|iPhoneSimulator = Release|iPhoneSimulator
		Release|x64 = Release|x64
		Release|x86 = Release|x86
	EndGlobalSection
	GlobalSection(ProjectConfigurationPlatforms) = postSolution
		{5937C1CB-24EE-41F6-A384-A671BBA5AE3E}.Debug|Any CPU.ActiveCfg = Debug|x86
		{5937C1CB-24EE-41F6-A384-A671BBA5AE3E}.Debug|Any CPU.Build.0 = Debug|x86
		{5937C1CB-24EE-41F6-A384-A671BBA5AE3E}.Debug|Any CPU.Deploy.0 = Debug|x86
		{5937C1CB-24EE-41F6-A384-A671BBA5AE3E}.Debug|ARM.ActiveCfg = Debug|ARM
		{5937C1CB-24EE-41F6-A384-A671BBA5AE3E}.Debug|ARM.Build.0 = Debug|ARM
		{5937C1CB-24EE-41F6-A384-A671BBA5AE3E}.Debug|ARM.Deploy.0 = Debug|ARM
		{5937C1CB-24EE-41F6-A384-A671BBA5AE3E}.Debug|iPhone.ActiveCfg = Debug|x86
		{5937C1CB-24EE-41F6-A384-A671BBA5AE3E}.Debug|iPhone.Build.0 = Debug|x86
		{5937C1CB-24EE-41F6-A384-A671BBA5AE3E}.Debug|iPhone.Deploy.0 = Debug|x86
		{5937C1CB-24EE-41F6-A384-A671BBA5AE3E}.Debug|iPhoneSimulator.ActiveCfg = Debug|x86
		{5937C1CB-24EE-41F6-A384-A671BBA5AE3E}.Debug|iPhoneSimulator.Build.0 = Debug|x86
		{5937C1CB-24EE-41F6-A384-A671BBA5AE3E}.Debug|iPhoneSimulator.Deploy.0 = Debug|x86
		{5937C1CB-24EE-41F6-A384-A671BBA5AE3E}.Debug|x64.ActiveCfg = Debug|x64
		{5937C1CB-24EE-41F6-A384-A671BBA5AE3E}.Debug|x64.Build.0 = Debug|x64
		{5937C1CB-24EE-41F6-A384-A671BBA5AE3E}.Debug|x64.Deploy.0 = Debug|x64
		{5937C1CB-24EE-41F6-A384-A671BBA5AE3E}.Debug|x86.ActiveCfg = Debug|x86
		{5937C1CB-24EE-41F6-A384-A671BBA5AE3E}.Debug|x86.Build.0 = Debug|x86
		{5937C1CB-24EE-41F6-A384-A671BBA5AE3E}.Debug|x86.Deploy.0 = Debug|x86
		{5937C1CB-24EE-41F6-A384-A671BBA5AE3E}.Release|Any CPU.ActiveCfg = Release|x86
		{5937C1CB-24EE-41F6-A384-A671BBA5AE3E}.Release|Any CPU.Build.0 = Release|x86
		{5937C1CB-24EE-41F6-A384-A671BBA5AE3E}.Release|Any CPU.Deploy.0 = Release|x86
		{5937C1CB-24EE-41F6-A384-A671BBA5AE3E}.Release|ARM.ActiveCfg = Release|ARM
		{5937C1CB-24EE-41F6-A384-A671BBA5AE3E}.Release|ARM.Build.0 = Release|ARM
		{5937C1CB-24EE-41F6-A384-A671BBA5AE3E}.Release|ARM.Deploy.0 = Release|ARM
		{5937C1CB-24EE-41F6-A384-A671BBA5AE3E}.Release|iPhone.ActiveCfg = Release|x86
		{5937C1CB-24EE-41F6-A384-A671BBA5AE3E}.Release|iPhone.Build.0 = Release|x86
		{5937C1CB-24EE-41F6-A384-A671BBA5AE3E}.Release|iPhone.Deploy.0 = Release|x86
		{5937C1CB-24EE-41F6-A384-A671BBA5AE3E}.Release|iPhoneSimulator.ActiveCfg = Release|x86
		{5937C1CB-24EE-41F6-A384-A671BBA5AE3E}.Release|iPhoneSimulator.Build.0 = Release|x86
		{5937C1CB-24EE-41F6-A384-A671BBA5AE3E}.Release|iPhoneSimulator.Deploy.0 = Release|x86
		{5937C1CB-24EE-41F6-A384-A671BBA5AE3E}.Release|x64.ActiveCfg = Release|x64
		{5937C1CB-24EE-41F6-A384-A671BBA5AE3E}.Release|x64.Build.0 = Release|x64
		{5937C1CB-24EE-41F6-A384-A671BBA5AE3E}.Release|x64.Deploy.0 = Release|x64
		{5937C1CB-24EE-41F6-A384-A671BBA5AE3E}.Release|x86.ActiveCfg = Release|x86
		{5937C1CB-24EE-41F6-A384-A671BBA5AE3E}.Release|x86.Build.0 = Release|x86
		{5937C1CB-24EE-41F6-A384-A671BBA5AE3E}.Release|x86.Deploy.0 = Release|x86
		{A93F48B1-B5E6-4C44-9EDE-A2C380481B74}.Debug|Any CPU.ActiveCfg = Debug|Any CPU
		{A93F48B1-B5E6-4C44-9EDE-A2C380481B74}.Debug|Any CPU.Build.0 = Debug|Any CPU
		{A93F48B1-B5E6-4C44-9EDE-A2C380481B74}.Debug|Any CPU.Deploy.0 = Debug|Any CPU
		{A93F48B1-B5E6-4C44-9EDE-A2C380481B74}.Debug|ARM.ActiveCfg = Debug|Any CPU
		{A93F48B1-B5E6-4C44-9EDE-A2C380481B74}.Debug|ARM.Build.0 = Debug|Any CPU
		{A93F48B1-B5E6-4C44-9EDE-A2C380481B74}.Debug|ARM.Deploy.0 = Debug|Any CPU
		{A93F48B1-B5E6-4C44-9EDE-A2C380481B74}.Debug|iPhone.ActiveCfg = Debug|Any CPU
		{A93F48B1-B5E6-4C44-9EDE-A2C380481B74}.Debug|iPhone.Build.0 = Debug|Any CPU
		{A93F48B1-B5E6-4C44-9EDE-A2C380481B74}.Debug|iPhone.Deploy.0 = Debug|Any CPU
		{A93F48B1-B5E6-4C44-9EDE-A2C380481B74}.Debug|iPhoneSimulator.ActiveCfg = Debug|Any CPU
		{A93F48B1-B5E6-4C44-9EDE-A2C380481B74}.Debug|iPhoneSimulator.Build.0 = Debug|Any CPU
		{A93F48B1-B5E6-4C44-9EDE-A2C380481B74}.Debug|iPhoneSimulator.Deploy.0 = Debug|Any CPU
		{A93F48B1-B5E6-4C44-9EDE-A2C380481B74}.Debug|x64.ActiveCfg = Debug|Any CPU
		{A93F48B1-B5E6-4C44-9EDE-A2C380481B74}.Debug|x64.Build.0 = Debug|Any CPU
		{A93F48B1-B5E6-4C44-9EDE-A2C380481B74}.Debug|x64.Deploy.0 = Debug|Any CPU
		{A93F48B1-B5E6-4C44-9EDE-A2C380481B74}.Debug|x86.ActiveCfg = Debug|Any CPU
		{A93F48B1-B5E6-4C44-9EDE-A2C380481B74}.Debug|x86.Build.0 = Debug|Any CPU
		{A93F48B1-B5E6-4C44-9EDE-A2C380481B74}.Debug|x86.Deploy.0 = Debug|Any CPU
		{A93F48B1-B5E6-4C44-9EDE-A2C380481B74}.Release|Any CPU.ActiveCfg = Release|Any CPU
		{A93F48B1-B5E6-4C44-9EDE-A2C380481B74}.Release|Any CPU.Build.0 = Release|Any CPU
		{A93F48B1-B5E6-4C44-9EDE-A2C380481B74}.Release|Any CPU.Deploy.0 = Release|Any CPU
		{A93F48B1-B5E6-4C44-9EDE-A2C380481B74}.Release|ARM.ActiveCfg = Release|Any CPU
		{A93F48B1-B5E6-4C44-9EDE-A2C380481B74}.Release|ARM.Build.0 = Release|Any CPU
		{A93F48B1-B5E6-4C44-9EDE-A2C380481B74}.Release|ARM.Deploy.0 = Release|Any CPU
		{A93F48B1-B5E6-4C44-9EDE-A2C380481B74}.Release|iPhone.ActiveCfg = Release|Any CPU
		{A93F48B1-B5E6-4C44-9EDE-A2C380481B74}.Release|iPhone.Build.0 = Release|Any CPU
		{A93F48B1-B5E6-4C44-9EDE-A2C380481B74}.Release|iPhone.Deploy.0 = Release|Any CPU
		{A93F48B1-B5E6-4C44-9EDE-A2C380481B74}.Release|iPhoneSimulator.ActiveCfg = Release|Any CPU
		{A93F48B1-B5E6-4C44-9EDE-A2C380481B74}.Release|iPhoneSimulator.Build.0 = Release|Any CPU
		{A93F48B1-B5E6-4C44-9EDE-A2C380481B74}.Release|iPhoneSimulator.Deploy.0 = Release|Any CPU
		{A93F48B1-B5E6-4C44-9EDE-A2C380481B74}.Release|x64.ActiveCfg = Release|Any CPU
		{A93F48B1-B5E6-4C44-9EDE-A2C380481B74}.Release|x64.Build.0 = Release|Any CPU
		{A93F48B1-B5E6-4C44-9EDE-A2C380481B74}.Release|x64.Deploy.0 = Release|Any CPU
		{A93F48B1-B5E6-4C44-9EDE-A2C380481B74}.Release|x86.ActiveCfg = Release|Any CPU
		{A93F48B1-B5E6-4C44-9EDE-A2C380481B74}.Release|x86.Build.0 = Release|Any CPU
		{A93F48B1-B5E6-4C44-9EDE-A2C380481B74}.Release|x86.Deploy.0 = Release|Any CPU
		{C35C3997-C2C3-4BDE-90DA-8A05B44951F8}.Debug|Any CPU.ActiveCfg = Debug|iPhone
		{C35C3997-C2C3-4BDE-90DA-8A05B44951F8}.Debug|Any CPU.Build.0 = Debug|iPhone
		{C35C3997-C2C3-4BDE-90DA-8A05B44951F8}.Debug|Any CPU.Deploy.0 = Debug|iPhone
		{C35C3997-C2C3-4BDE-90DA-8A05B44951F8}.Debug|ARM.ActiveCfg = Debug|iPhoneSimulator
		{C35C3997-C2C3-4BDE-90DA-8A05B44951F8}.Debug|ARM.Build.0 = Debug|iPhoneSimulator
		{C35C3997-C2C3-4BDE-90DA-8A05B44951F8}.Debug|ARM.Deploy.0 = Debug|iPhoneSimulator
		{C35C3997-C2C3-4BDE-90DA-8A05B44951F8}.Debug|iPhone.ActiveCfg = Debug|iPhone
		{C35C3997-C2C3-4BDE-90DA-8A05B44951F8}.Debug|iPhone.Build.0 = Debug|iPhone
		{C35C3997-C2C3-4BDE-90DA-8A05B44951F8}.Debug|iPhone.Deploy.0 = Debug|iPhone
		{C35C3997-C2C3-4BDE-90DA-8A05B44951F8}.Debug|iPhoneSimulator.ActiveCfg = Debug|iPhoneSimulator
		{C35C3997-C2C3-4BDE-90DA-8A05B44951F8}.Debug|iPhoneSimulator.Build.0 = Debug|iPhoneSimulator
		{C35C3997-C2C3-4BDE-90DA-8A05B44951F8}.Debug|iPhoneSimulator.Deploy.0 = Debug|iPhoneSimulator
		{C35C3997-C2C3-4BDE-90DA-8A05B44951F8}.Debug|x64.ActiveCfg = Debug|iPhone
		{C35C3997-C2C3-4BDE-90DA-8A05B44951F8}.Debug|x64.Build.0 = Debug|iPhone
		{C35C3997-C2C3-4BDE-90DA-8A05B44951F8}.Debug|x64.Deploy.0 = Debug|iPhone
		{C35C3997-C2C3-4BDE-90DA-8A05B44951F8}.Debug|x86.ActiveCfg = Debug|iPhone
		{C35C3997-C2C3-4BDE-90DA-8A05B44951F8}.Debug|x86.Build.0 = Debug|iPhone
		{C35C3997-C2C3-4BDE-90DA-8A05B44951F8}.Debug|x86.Deploy.0 = Debug|iPhone
		{C35C3997-C2C3-4BDE-90DA-8A05B44951F8}.Release|Any CPU.ActiveCfg = Release|iPhone
		{C35C3997-C2C3-4BDE-90DA-8A05B44951F8}.Release|Any CPU.Build.0 = Release|iPhone
		{C35C3997-C2C3-4BDE-90DA-8A05B44951F8}.Release|Any CPU.Deploy.0 = Release|iPhone
		{C35C3997-C2C3-4BDE-90DA-8A05B44951F8}.Release|ARM.ActiveCfg = Release|iPhone
		{C35C3997-C2C3-4BDE-90DA-8A05B44951F8}.Release|ARM.Build.0 = Release|iPhone
		{C35C3997-C2C3-4BDE-90DA-8A05B44951F8}.Release|ARM.Deploy.0 = Release|iPhone
		{C35C3997-C2C3-4BDE-90DA-8A05B44951F8}.Release|iPhone.ActiveCfg = Release|iPhone
		{C35C3997-C2C3-4BDE-90DA-8A05B44951F8}.Release|iPhone.Build.0 = Release|iPhone
		{C35C3997-C2C3-4BDE-90DA-8A05B44951F8}.Release|iPhone.Deploy.0 = Release|iPhone
		{C35C3997-C2C3-4BDE-90DA-8A05B44951F8}.Release|iPhoneSimulator.ActiveCfg = Release|iPhoneSimulator
		{C35C3997-C2C3-4BDE-90DA-8A05B44951F8}.Release|iPhoneSimulator.Build.0 = Release|iPhoneSimulator
		{C35C3997-C2C3-4BDE-90DA-8A05B44951F8}.Release|iPhoneSimulator.Deploy.0 = Release|iPhoneSimulator
		{C35C3997-C2C3-4BDE-90DA-8A05B44951F8}.Release|x64.ActiveCfg = Release|iPhone
		{C35C3997-C2C3-4BDE-90DA-8A05B44951F8}.Release|x64.Build.0 = Release|iPhone
		{C35C3997-C2C3-4BDE-90DA-8A05B44951F8}.Release|x64.Deploy.0 = Release|iPhone
		{C35C3997-C2C3-4BDE-90DA-8A05B44951F8}.Release|x86.ActiveCfg = Release|iPhone
		{C35C3997-C2C3-4BDE-90DA-8A05B44951F8}.Release|x86.Build.0 = Release|iPhone
		{C35C3997-C2C3-4BDE-90DA-8A05B44951F8}.Release|x86.Deploy.0 = Release|iPhone
		{06AD4217-AC39-4967-AB83-21D945376D1B}.Debug|Any CPU.ActiveCfg = Debug|Any CPU
		{06AD4217-AC39-4967-AB83-21D945376D1B}.Debug|Any CPU.Build.0 = Debug|Any CPU
		{06AD4217-AC39-4967-AB83-21D945376D1B}.Debug|Any CPU.Deploy.0 = Debug|Any CPU
		{06AD4217-AC39-4967-AB83-21D945376D1B}.Debug|ARM.ActiveCfg = Debug|Any CPU
		{06AD4217-AC39-4967-AB83-21D945376D1B}.Debug|ARM.Build.0 = Debug|Any CPU
		{06AD4217-AC39-4967-AB83-21D945376D1B}.Debug|ARM.Deploy.0 = Debug|Any CPU
		{06AD4217-AC39-4967-AB83-21D945376D1B}.Debug|iPhone.ActiveCfg = Debug|Any CPU
		{06AD4217-AC39-4967-AB83-21D945376D1B}.Debug|iPhone.Build.0 = Debug|Any CPU
		{06AD4217-AC39-4967-AB83-21D945376D1B}.Debug|iPhone.Deploy.0 = Debug|Any CPU
		{06AD4217-AC39-4967-AB83-21D945376D1B}.Debug|iPhoneSimulator.ActiveCfg = Debug|Any CPU
		{06AD4217-AC39-4967-AB83-21D945376D1B}.Debug|iPhoneSimulator.Build.0 = Debug|Any CPU
		{06AD4217-AC39-4967-AB83-21D945376D1B}.Debug|iPhoneSimulator.Deploy.0 = Debug|Any CPU
		{06AD4217-AC39-4967-AB83-21D945376D1B}.Debug|x64.ActiveCfg = Debug|Any CPU
		{06AD4217-AC39-4967-AB83-21D945376D1B}.Debug|x64.Build.0 = Debug|Any CPU
		{06AD4217-AC39-4967-AB83-21D945376D1B}.Debug|x64.Deploy.0 = Debug|Any CPU
		{06AD4217-AC39-4967-AB83-21D945376D1B}.Debug|x86.ActiveCfg = Debug|Any CPU
		{06AD4217-AC39-4967-AB83-21D945376D1B}.Debug|x86.Build.0 = Debug|Any CPU
		{06AD4217-AC39-4967-AB83-21D945376D1B}.Debug|x86.Deploy.0 = Debug|Any CPU
		{06AD4217-AC39-4967-AB83-21D945376D1B}.Release|Any CPU.ActiveCfg = Release|Any CPU
		{06AD4217-AC39-4967-AB83-21D945376D1B}.Release|Any CPU.Build.0 = Release|Any CPU
		{06AD4217-AC39-4967-AB83-21D945376D1B}.Release|Any CPU.Deploy.0 = Release|Any CPU
		{06AD4217-AC39-4967-AB83-21D945376D1B}.Release|ARM.ActiveCfg = Release|Any CPU
		{06AD4217-AC39-4967-AB83-21D945376D1B}.Release|ARM.Build.0 = Release|Any CPU
		{06AD4217-AC39-4967-AB83-21D945376D1B}.Release|ARM.Deploy.0 = Release|Any CPU
		{06AD4217-AC39-4967-AB83-21D945376D1B}.Release|iPhone.ActiveCfg = Release|Any CPU
		{06AD4217-AC39-4967-AB83-21D945376D1B}.Release|iPhone.Build.0 = Release|Any CPU
		{06AD4217-AC39-4967-AB83-21D945376D1B}.Release|iPhone.Deploy.0 = Release|Any CPU
		{06AD4217-AC39-4967-AB83-21D945376D1B}.Release|iPhoneSimulator.ActiveCfg = Release|Any CPU
		{06AD4217-AC39-4967-AB83-21D945376D1B}.Release|iPhoneSimulator.Build.0 = Release|Any CPU
		{06AD4217-AC39-4967-AB83-21D945376D1B}.Release|iPhoneSimulator.Deploy.0 = Release|Any CPU
		{06AD4217-AC39-4967-AB83-21D945376D1B}.Release|x64.ActiveCfg = Release|Any CPU
		{06AD4217-AC39-4967-AB83-21D945376D1B}.Release|x64.Build.0 = Release|Any CPU
		{06AD4217-AC39-4967-AB83-21D945376D1B}.Release|x64.Deploy.0 = Release|Any CPU
		{06AD4217-AC39-4967-AB83-21D945376D1B}.Release|x86.ActiveCfg = Release|Any CPU
		{06AD4217-AC39-4967-AB83-21D945376D1B}.Release|x86.Build.0 = Release|Any CPU
		{06AD4217-AC39-4967-AB83-21D945376D1B}.Release|x86.Deploy.0 = Release|Any CPU
		{D9C7370D-6F67-4838-93F9-240D5EC083A1}.Debug|Any CPU.ActiveCfg = Debug|Any CPU
		{D9C7370D-6F67-4838-93F9-240D5EC083A1}.Debug|Any CPU.Build.0 = Debug|Any CPU
		{D9C7370D-6F67-4838-93F9-240D5EC083A1}.Debug|ARM.ActiveCfg = Debug|Any CPU
		{D9C7370D-6F67-4838-93F9-240D5EC083A1}.Debug|ARM.Build.0 = Debug|Any CPU
		{D9C7370D-6F67-4838-93F9-240D5EC083A1}.Debug|iPhone.ActiveCfg = Debug|Any CPU
		{D9C7370D-6F67-4838-93F9-240D5EC083A1}.Debug|iPhone.Build.0 = Debug|Any CPU
		{D9C7370D-6F67-4838-93F9-240D5EC083A1}.Debug|iPhoneSimulator.ActiveCfg = Debug|Any CPU
		{D9C7370D-6F67-4838-93F9-240D5EC083A1}.Debug|iPhoneSimulator.Build.0 = Debug|Any CPU
		{D9C7370D-6F67-4838-93F9-240D5EC083A1}.Debug|x64.ActiveCfg = Debug|Any CPU
		{D9C7370D-6F67-4838-93F9-240D5EC083A1}.Debug|x64.Build.0 = Debug|Any CPU
		{D9C7370D-6F67-4838-93F9-240D5EC083A1}.Debug|x86.ActiveCfg = Debug|Any CPU
		{D9C7370D-6F67-4838-93F9-240D5EC083A1}.Debug|x86.Build.0 = Debug|Any CPU
		{D9C7370D-6F67-4838-93F9-240D5EC083A1}.Release|Any CPU.ActiveCfg = Release|Any CPU
		{D9C7370D-6F67-4838-93F9-240D5EC083A1}.Release|Any CPU.Build.0 = Release|Any CPU
		{D9C7370D-6F67-4838-93F9-240D5EC083A1}.Release|ARM.ActiveCfg = Release|Any CPU
		{D9C7370D-6F67-4838-93F9-240D5EC083A1}.Release|ARM.Build.0 = Release|Any CPU
		{D9C7370D-6F67-4838-93F9-240D5EC083A1}.Release|iPhone.ActiveCfg = Release|Any CPU
		{D9C7370D-6F67-4838-93F9-240D5EC083A1}.Release|iPhone.Build.0 = Release|Any CPU
		{D9C7370D-6F67-4838-93F9-240D5EC083A1}.Release|iPhoneSimulator.ActiveCfg = Release|Any CPU
		{D9C7370D-6F67-4838-93F9-240D5EC083A1}.Release|iPhoneSimulator.Build.0 = Release|Any CPU
		{D9C7370D-6F67-4838-93F9-240D5EC083A1}.Release|x64.ActiveCfg = Release|Any CPU
		{D9C7370D-6F67-4838-93F9-240D5EC083A1}.Release|x64.Build.0 = Release|Any CPU
		{D9C7370D-6F67-4838-93F9-240D5EC083A1}.Release|x86.ActiveCfg = Release|Any CPU
		{D9C7370D-6F67-4838-93F9-240D5EC083A1}.Release|x86.Build.0 = Release|Any CPU
		{FFB6C6EA-94EE-4837-B86F-33E0595394C8}.Debug|Any CPU.ActiveCfg = Debug|Any CPU
		{FFB6C6EA-94EE-4837-B86F-33E0595394C8}.Debug|Any CPU.Build.0 = Debug|Any CPU
		{FFB6C6EA-94EE-4837-B86F-33E0595394C8}.Debug|ARM.ActiveCfg = Debug|Any CPU
		{FFB6C6EA-94EE-4837-B86F-33E0595394C8}.Debug|ARM.Build.0 = Debug|Any CPU
		{FFB6C6EA-94EE-4837-B86F-33E0595394C8}.Debug|iPhone.ActiveCfg = Debug|Any CPU
		{FFB6C6EA-94EE-4837-B86F-33E0595394C8}.Debug|iPhone.Build.0 = Debug|Any CPU
		{FFB6C6EA-94EE-4837-B86F-33E0595394C8}.Debug|iPhoneSimulator.ActiveCfg = Debug|Any CPU
		{FFB6C6EA-94EE-4837-B86F-33E0595394C8}.Debug|iPhoneSimulator.Build.0 = Debug|Any CPU
		{FFB6C6EA-94EE-4837-B86F-33E0595394C8}.Debug|x64.ActiveCfg = Debug|Any CPU
		{FFB6C6EA-94EE-4837-B86F-33E0595394C8}.Debug|x64.Build.0 = Debug|Any CPU
		{FFB6C6EA-94EE-4837-B86F-33E0595394C8}.Debug|x86.ActiveCfg = Debug|Any CPU
		{FFB6C6EA-94EE-4837-B86F-33E0595394C8}.Debug|x86.Build.0 = Debug|Any CPU
		{FFB6C6EA-94EE-4837-B86F-33E0595394C8}.Release|Any CPU.ActiveCfg = Release|Any CPU
		{FFB6C6EA-94EE-4837-B86F-33E0595394C8}.Release|Any CPU.Build.0 = Release|Any CPU
		{FFB6C6EA-94EE-4837-B86F-33E0595394C8}.Release|ARM.ActiveCfg = Release|Any CPU
		{FFB6C6EA-94EE-4837-B86F-33E0595394C8}.Release|ARM.Build.0 = Release|Any CPU
		{FFB6C6EA-94EE-4837-B86F-33E0595394C8}.Release|iPhone.ActiveCfg = Release|Any CPU
		{FFB6C6EA-94EE-4837-B86F-33E0595394C8}.Release|iPhone.Build.0 = Release|Any CPU
		{FFB6C6EA-94EE-4837-B86F-33E0595394C8}.Release|iPhoneSimulator.ActiveCfg = Release|Any CPU
		{FFB6C6EA-94EE-4837-B86F-33E0595394C8}.Release|iPhoneSimulator.Build.0 = Release|Any CPU
		{FFB6C6EA-94EE-4837-B86F-33E0595394C8}.Release|x64.ActiveCfg = Release|Any CPU
		{FFB6C6EA-94EE-4837-B86F-33E0595394C8}.Release|x64.Build.0 = Release|Any CPU
		{FFB6C6EA-94EE-4837-B86F-33E0595394C8}.Release|x86.ActiveCfg = Release|Any CPU
		{FFB6C6EA-94EE-4837-B86F-33E0595394C8}.Release|x86.Build.0 = Release|Any CPU
	EndGlobalSection
	GlobalSection(SolutionProperties) = preSolution
		HideSolutionNode = FALSE
	EndGlobalSection
	GlobalSection(ExtensibilityGlobals) = postSolution
		SolutionGuid = {12AFAEA0-6583-4124-B7B5-9D5CA76032E1}
	EndGlobalSection
EndGlobal
