
Microsoft Visual Studio Solution File, Format Version 12.00
# Visual Studio Version 16
VisualStudioVersion = 16.0.29519.181
MinimumVisualStudioVersion = 10.0.40219.1
Project("{FAE04EC0-301F-11D3-BF4B-00C04F79EFBC}") = "CarvedRock.UWP", "CarvedRock.UWP\CarvedRock.UWP.csproj", "{5937C1CB-24EE-41F6-A384-A671BBA5AE3E}"
EndProject
Project("{FAE04EC0-301F-11D3-BF4B-00C04F79EFBC}") = "CarvedRock.Android", "CarvedRock.Android\CarvedRock.Android.csproj", "{A93F48B1-B5E6-4C44-9EDE-A2C380481B74}"
EndProject
Project("{FAE04EC0-301F-11D3-BF4B-00C04F79EFBC}") = "CarvedRock.iOS", "CarvedRock.iOS\CarvedRock.iOS.csproj", "{C35C3997-C2C3-4BDE-90DA-8A05B44951F8}"
EndProject
Project("{9A19103F-16F7-4668-BE54-9A1E7A4F7556}") = "CarvedRock", "CarvedRock\CarvedRock.csproj", "{06AD4217-AC39-4967-AB83-21D945376D1B}"
EndProject
Project("{9A19103F-16F7-4668-BE54-9A1E7A4F7556}") = "CarvedRock.UITests", "CarvedRock.UITests\CarvedRock.UITests.csproj", "{D9C7370D-6F67-4838-93F9-240D5EC083A1}"
EndProject
Project("{2150E333-8FDC-42A3-9474-1A3956D46DE8}") = "Solution Items", "Solution Items", "{774BE635-1F5C-4833-BC25-AF1F2A5CB313}"
EndProject
Project("{FAE04EC0-301F-11D3-BF4B-00C04F79EFBC}") = "CarvedRock.iOS.Native", "App1\CarvedRock.iOS.Native.csproj", "{DF674031-8827-4710-A040-563576A40B61}"
EndProject
Project("{FAE04EC0-301F-11D3-BF4B-00C04F79EFBC}") = "CarvedRock.WinForms", "CarvedRock.winforms\CarvedRock.WinForms.csproj", "{EEF79043-5C7F-4F3C-90C8-82E133EB4E63}"
EndProject
Project("{FAE04EC0-301F-11D3-BF4B-00C04F79EFBC}") = "CarvedRock.Wpf", "CarvedRock.Wpf\CarvedRock.Wpf.csproj", "{6F73AE06-C47E-47B7-A2FE-DE32EE2C289B}"
EndProject
Global
	GlobalSection(SolutionConfigurationPlatforms) = preSolution
		Debug|Any CPU = Debug|Any CPU
		Debug|ARM = Debug|ARM
		Debug|iPhone = Debug|iPhone
		Debug|iPhoneSimulator = Debug|iPhoneSimulator
		Debug|x64 = Debug|x64
		Debug|x86 = Debug|x86
		Release|Any CPU = Release|Any CPU
		Release|ARM = Release|ARM
		Release|iPhone = Release|iPhone
		Release|iPhoneSimulator = Release|iPhoneSimulator
		Release|x64 = Release|x64
		Release|x86 = Release|x86
	EndGlobalSection
	GlobalSection(ProjectConfigurationPlatforms) = postSolution
		{5937C1CB-24EE-41F6-A384-A671BBA5AE3E}.Debug|Any CPU.ActiveCfg = Debug|x86
		{5937C1CB-24EE-41F6-A384-A671BBA5AE3E}.Debug|Any CPU.Build.0 = Debug|x86
		{5937C1CB-24EE-41F6-A384-A671BBA5AE3E}.Debug|Any CPU.Deploy.0 = Debug|x86
		{5937C1CB-24EE-41F6-A384-A671BBA5AE3E}.Debug|ARM.ActiveCfg = Debug|ARM
		{5937C1CB-24EE-41F6-A384-A671BBA5AE3E}.Debug|ARM.Build.0 = Debug|ARM
		{5937C1CB-24EE-41F6-A384-A671BBA5AE3E}.Debug|ARM.Deploy.0 = Debug|ARM
		{5937C1CB-24EE-41F6-A384-A671BBA5AE3E}.Debug|iPhone.ActiveCfg = Debug|x86
		{5937C1CB-24EE-41F6-A384-A671BBA5AE3E}.Debug|iPhone.Build.0 = Debug|x86
		{5937C1CB-24EE-41F6-A384-A671BBA5AE3E}.Debug|iPhone.Deploy.0 = Debug|x86
		{5937C1CB-24EE-41F6-A384-A671BBA5AE3E}.Debug|iPhoneSimulator.ActiveCfg = Debug|x86
		{5937C1CB-24EE-41F6-A384-A671BBA5AE3E}.Debug|iPhoneSimulator.Build.0 = Debug|x86
		{5937C1CB-24EE-41F6-A384-A671BBA5AE3E}.Debug|iPhoneSimulator.Deploy.0 = Debug|x86
		{5937C1CB-24EE-41F6-A384-A671BBA5AE3E}.Debug|x64.ActiveCfg = Debug|x64
		{5937C1CB-24EE-41F6-A384-A671BBA5AE3E}.Debug|x64.Build.0 = Debug|x64
		{5937C1CB-24EE-41F6-A384-A671BBA5AE3E}.Debug|x64.Deploy.0 = Debug|x64
		{5937C1CB-24EE-41F6-A384-A671BBA5AE3E}.Debug|x86.ActiveCfg = Debug|x86
		{5937C1CB-24EE-41F6-A384-A671BBA5AE3E}.Debug|x86.Build.0 = Debug|x86
		{5937C1CB-24EE-41F6-A384-A671BBA5AE3E}.Debug|x86.Deploy.0 = Debug|x86
		{5937C1CB-24EE-41F6-A384-A671BBA5AE3E}.Release|Any CPU.ActiveCfg = Release|x86
		{5937C1CB-24EE-41F6-A384-A671BBA5AE3E}.Release|Any CPU.Build.0 = Release|x86
		{5937C1CB-24EE-41F6-A384-A671BBA5AE3E}.Release|Any CPU.Deploy.0 = Release|x86
		{5937C1CB-24EE-41F6-A384-A671BBA5AE3E}.Release|ARM.ActiveCfg = Release|ARM
		{5937C1CB-24EE-41F6-A384-A671BBA5AE3E}.Release|ARM.Build.0 = Release|ARM
		{5937C1CB-24EE-41F6-A384-A671BBA5AE3E}.Release|ARM.Deploy.0 = Release|ARM
		{5937C1CB-24EE-41F6-A384-A671BBA5AE3E}.Release|iPhone.ActiveCfg = Release|x86
		{5937C1CB-24EE-41F6-A384-A671BBA5AE3E}.Release|iPhone.Build.0 = Release|x86
		{5937C1CB-24EE-41F6-A384-A671BBA5AE3E}.Release|iPhone.Deploy.0 = Release|x86
		{5937C1CB-24EE-41F6-A384-A671BBA5AE3E}.Release|iPhoneSimulator.ActiveCfg = Release|x86
		{5937C1CB-24EE-41F6-A384-A671BBA5AE3E}.Release|iPhoneSimulator.Build.0 = Release|x86
		{5937C1CB-24EE-41F6-A384-A671BBA5AE3E}.Release|iPhoneSimulator.Deploy.0 = Release|x86
		{5937C1CB-24EE-41F6-A384-A671BBA5AE3E}.Release|x64.ActiveCfg = Release|x64
		{5937C1CB-24EE-41F6-A384-A671BBA5AE3E}.Release|x64.Build.0 = Release|x64
		{5937C1CB-24EE-41F6-A384-A671BBA5AE3E}.Release|x64.Deploy.0 = Release|x64
		{5937C1CB-24EE-41F6-A384-A671BBA5AE3E}.Release|x86.ActiveCfg = Release|x86
		{5937C1CB-24EE-41F6-A384-A671BBA5AE3E}.Release|x86.Build.0 = Release|x86
		{5937C1CB-24EE-41F6-A384-A671BBA5AE3E}.Release|x86.Deploy.0 = Release|x86
		{A93F48B1-B5E6-4C44-9EDE-A2C380481B74}.Debug|Any CPU.ActiveCfg = Debug|Any CPU
		{A93F48B1-B5E6-4C44-9EDE-A2C380481B74}.Debug|Any CPU.Build.0 = Debug|Any CPU
		{A93F48B1-B5E6-4C44-9EDE-A2C380481B74}.Debug|Any CPU.Deploy.0 = Debug|Any CPU
		{A93F48B1-B5E6-4C44-9EDE-A2C380481B74}.Debug|ARM.ActiveCfg = Debug|Any CPU
		{A93F48B1-B5E6-4C44-9EDE-A2C380481B74}.Debug|ARM.Build.0 = Debug|Any CPU
		{A93F48B1-B5E6-4C44-9EDE-A2C380481B74}.Debug|ARM.Deploy.0 = Debug|Any CPU
		{A93F48B1-B5E6-4C44-9EDE-A2C380481B74}.Debug|iPhone.ActiveCfg = Debug|Any CPU
		{A93F48B1-B5E6-4C44-9EDE-A2C380481B74}.Debug|iPhone.Build.0 = Debug|Any CPU
		{A93F48B1-B5E6-4C44-9EDE-A2C380481B74}.Debug|iPhone.Deploy.0 = Debug|Any CPU
		{A93F48B1-B5E6-4C44-9EDE-A2C380481B74}.Debug|iPhoneSimulator.ActiveCfg = Debug|Any CPU
		{A93F48B1-B5E6-4C44-9EDE-A2C380481B74}.Debug|iPhoneSimulator.Build.0 = Debug|Any CPU
		{A93F48B1-B5E6-4C44-9EDE-A2C380481B74}.Debug|iPhoneSimulator.Deploy.0 = Debug|Any CPU
		{A93F48B1-B5E6-4C44-9EDE-A2C380481B74}.Debug|x64.ActiveCfg = Debug|Any CPU
		{A93F48B1-B5E6-4C44-9EDE-A2C380481B74}.Debug|x64.Build.0 = Debug|Any CPU
		{A93F48B1-B5E6-4C44-9EDE-A2C380481B74}.Debug|x64.Deploy.0 = Debug|Any CPU
		{A93F48B1-B5E6-4C44-9EDE-A2C380481B74}.Debug|x86.ActiveCfg = Debug|Any CPU
		{A93F48B1-B5E6-4C44-9EDE-A2C380481B74}.Debug|x86.Build.0 = Debug|Any CPU
		{A93F48B1-B5E6-4C44-9EDE-A2C380481B74}.Debug|x86.Deploy.0 = Debug|Any CPU
		{A93F48B1-B5E6-4C44-9EDE-A2C380481B74}.Release|Any CPU.ActiveCfg = Release|Any CPU
		{A93F48B1-B5E6-4C44-9EDE-A2C380481B74}.Release|Any CPU.Build.0 = Release|Any CPU
		{A93F48B1-B5E6-4C44-9EDE-A2C380481B74}.Release|Any CPU.Deploy.0 = Release|Any CPU
		{A93F48B1-B5E6-4C44-9EDE-A2C380481B74}.Release|ARM.ActiveCfg = Release|Any CPU
		{A93F48B1-B5E6-4C44-9EDE-A2C380481B74}.Release|ARM.Build.0 = Release|Any CPU
		{A93F48B1-B5E6-4C44-9EDE-A2C380481B74}.Release|ARM.Deploy.0 = Release|Any CPU
		{A93F48B1-B5E6-4C44-9EDE-A2C380481B74}.Release|iPhone.ActiveCfg = Release|Any CPU
		{A93F48B1-B5E6-4C44-9EDE-A2C380481B74}.Release|iPhone.Build.0 = Release|Any CPU
		{A93F48B1-B5E6-4C44-9EDE-A2C380481B74}.Release|iPhone.Deploy.0 = Release|Any CPU
		{A93F48B1-B5E6-4C44-9EDE-A2C380481B74}.Release|iPhoneSimulator.ActiveCfg = Release|Any CPU
		{A93F48B1-B5E6-4C44-9EDE-A2C380481B74}.Release|iPhoneSimulator.Build.0 = Release|Any CPU
		{A93F48B1-B5E6-4C44-9EDE-A2C380481B74}.Release|iPhoneSimulator.Deploy.0 = Release|Any CPU
		{A93F48B1-B5E6-4C44-9EDE-A2C380481B74}.Release|x64.ActiveCfg = Release|Any CPU
		{A93F48B1-B5E6-4C44-9EDE-A2C380481B74}.Release|x64.Build.0 = Release|Any CPU
		{A93F48B1-B5E6-4C44-9EDE-A2C380481B74}.Release|x64.Deploy.0 = Release|Any CPU
		{A93F48B1-B5E6-4C44-9EDE-A2C380481B74}.Release|x86.ActiveCfg = Release|Any CPU
		{A93F48B1-B5E6-4C44-9EDE-A2C380481B74}.Release|x86.Build.0 = Release|Any CPU
		{A93F48B1-B5E6-4C44-9EDE-A2C380481B74}.Release|x86.Deploy.0 = Release|Any CPU
		{C35C3997-C2C3-4BDE-90DA-8A05B44951F8}.Debug|Any CPU.ActiveCfg = Debug|iPhone
		{C35C3997-C2C3-4BDE-90DA-8A05B44951F8}.Debug|Any CPU.Build.0 = Debug|iPhone
		{C35C3997-C2C3-4BDE-90DA-8A05B44951F8}.Debug|Any CPU.Deploy.0 = Debug|iPhone
		{C35C3997-C2C3-4BDE-90DA-8A05B44951F8}.Debug|ARM.ActiveCfg = Debug|iPhoneSimulator
		{C35C3997-C2C3-4BDE-90DA-8A05B44951F8}.Debug|ARM.Build.0 = Debug|iPhoneSimulator
		{C35C3997-C2C3-4BDE-90DA-8A05B44951F8}.Debug|ARM.Deploy.0 = Debug|iPhoneSimulator
		{C35C3997-C2C3-4BDE-90DA-8A05B44951F8}.Debug|iPhone.ActiveCfg = Debug|iPhone
		{C35C3997-C2C3-4BDE-90DA-8A05B44951F8}.Debug|iPhone.Build.0 = Debug|iPhone
		{C35C3997-C2C3-4BDE-90DA-8A05B44951F8}.Debug|iPhone.Deploy.0 = Debug|iPhone
		{C35C3997-C2C3-4BDE-90DA-8A05B44951F8}.Debug|iPhoneSimulator.ActiveCfg = Debug|iPhoneSimulator
		{C35C3997-C2C3-4BDE-90DA-8A05B44951F8}.Debug|iPhoneSimulator.Build.0 = Debug|iPhoneSimulator
		{C35C3997-C2C3-4BDE-90DA-8A05B44951F8}.Debug|iPhoneSimulator.Deploy.0 = Debug|iPhoneSimulator
		{C35C3997-C2C3-4BDE-90DA-8A05B44951F8}.Debug|x64.ActiveCfg = Debug|iPhone
		{C35C3997-C2C3-4BDE-90DA-8A05B44951F8}.Debug|x64.Build.0 = Debug|iPhone
		{C35C3997-C2C3-4BDE-90DA-8A05B44951F8}.Debug|x64.Deploy.0 = Debug|iPhone
		{C35C3997-C2C3-4BDE-90DA-8A05B44951F8}.Debug|x86.ActiveCfg = Debug|iPhone
		{C35C3997-C2C3-4BDE-90DA-8A05B44951F8}.Debug|x86.Build.0 = Debug|iPhone
		{C35C3997-C2C3-4BDE-90DA-8A05B44951F8}.Debug|x86.Deploy.0 = Debug|iPhone
		{C35C3997-C2C3-4BDE-90DA-8A05B44951F8}.Release|Any CPU.ActiveCfg = Release|iPhone
		{C35C3997-C2C3-4BDE-90DA-8A05B44951F8}.Release|Any CPU.Build.0 = Release|iPhone
		{C35C3997-C2C3-4BDE-90DA-8A05B44951F8}.Release|Any CPU.Deploy.0 = Release|iPhone
		{C35C3997-C2C3-4BDE-90DA-8A05B44951F8}.Release|ARM.ActiveCfg = Release|iPhone
		{C35C3997-C2C3-4BDE-90DA-8A05B44951F8}.Release|ARM.Build.0 = Release|iPhone
		{C35C3997-C2C3-4BDE-90DA-8A05B44951F8}.Release|ARM.Deploy.0 = Release|iPhone
		{C35C3997-C2C3-4BDE-90DA-8A05B44951F8}.Release|iPhone.ActiveCfg = Release|iPhone
		{C35C3997-C2C3-4BDE-90DA-8A05B44951F8}.Release|iPhone.Build.0 = Release|iPhone
		{C35C3997-C2C3-4BDE-90DA-8A05B44951F8}.Release|iPhone.Deploy.0 = Release|iPhone
		{C35C3997-C2C3-4BDE-90DA-8A05B44951F8}.Release|iPhoneSimulator.ActiveCfg = Release|iPhoneSimulator
		{C35C3997-C2C3-4BDE-90DA-8A05B44951F8}.Release|iPhoneSimulator.Build.0 = Release|iPhoneSimulator
		{C35C3997-C2C3-4BDE-90DA-8A05B44951F8}.Release|iPhoneSimulator.Deploy.0 = Release|iPhoneSimulator
		{C35C3997-C2C3-4BDE-90DA-8A05B44951F8}.Release|x64.ActiveCfg = Release|iPhone
		{C35C3997-C2C3-4BDE-90DA-8A05B44951F8}.Release|x64.Build.0 = Release|iPhone
		{C35C3997-C2C3-4BDE-90DA-8A05B44951F8}.Release|x64.Deploy.0 = Release|iPhone
		{C35C3997-C2C3-4BDE-90DA-8A05B44951F8}.Release|x86.ActiveCfg = Release|iPhone
		{C35C3997-C2C3-4BDE-90DA-8A05B44951F8}.Release|x86.Build.0 = Release|iPhone
		{C35C3997-C2C3-4BDE-90DA-8A05B44951F8}.Release|x86.Deploy.0 = Release|iPhone
		{06AD4217-AC39-4967-AB83-21D945376D1B}.Debug|Any CPU.ActiveCfg = Debug|Any CPU
		{06AD4217-AC39-4967-AB83-21D945376D1B}.Debug|Any CPU.Build.0 = Debug|Any CPU
		{06AD4217-AC39-4967-AB83-21D945376D1B}.Debug|Any CPU.Deploy.0 = Debug|Any CPU
		{06AD4217-AC39-4967-AB83-21D945376D1B}.Debug|ARM.ActiveCfg = Debug|Any CPU
		{06AD4217-AC39-4967-AB83-21D945376D1B}.Debug|ARM.Build.0 = Debug|Any CPU
		{06AD4217-AC39-4967-AB83-21D945376D1B}.Debug|ARM.Deploy.0 = Debug|Any CPU
		{06AD4217-AC39-4967-AB83-21D945376D1B}.Debug|iPhone.ActiveCfg = Debug|Any CPU
		{06AD4217-AC39-4967-AB83-21D945376D1B}.Debug|iPhone.Build.0 = Debug|Any CPU
		{06AD4217-AC39-4967-AB83-21D945376D1B}.Debug|iPhone.Deploy.0 = Debug|Any CPU
		{06AD4217-AC39-4967-AB83-21D945376D1B}.Debug|iPhoneSimulator.ActiveCfg = Debug|Any CPU
		{06AD4217-AC39-4967-AB83-21D945376D1B}.Debug|iPhoneSimulator.Build.0 = Debug|Any CPU
		{06AD4217-AC39-4967-AB83-21D945376D1B}.Debug|iPhoneSimulator.Deploy.0 = Debug|Any CPU
		{06AD4217-AC39-4967-AB83-21D945376D1B}.Debug|x64.ActiveCfg = Debug|Any CPU
		{06AD4217-AC39-4967-AB83-21D945376D1B}.Debug|x64.Build.0 = Debug|Any CPU
		{06AD4217-AC39-4967-AB83-21D945376D1B}.Debug|x64.Deploy.0 = Debug|Any CPU
		{06AD4217-AC39-4967-AB83-21D945376D1B}.Debug|x86.ActiveCfg = Debug|Any CPU
		{06AD4217-AC39-4967-AB83-21D945376D1B}.Debug|x86.Build.0 = Debug|Any CPU
		{06AD4217-AC39-4967-AB83-21D945376D1B}.Debug|x86.Deploy.0 = Debug|Any CPU
		{06AD4217-AC39-4967-AB83-21D945376D1B}.Release|Any CPU.ActiveCfg = Release|Any CPU
		{06AD4217-AC39-4967-AB83-21D945376D1B}.Release|Any CPU.Build.0 = Release|Any CPU
		{06AD4217-AC39-4967-AB83-21D945376D1B}.Release|Any CPU.Deploy.0 = Release|Any CPU
		{06AD4217-AC39-4967-AB83-21D945376D1B}.Release|ARM.ActiveCfg = Release|Any CPU
		{06AD4217-AC39-4967-AB83-21D945376D1B}.Release|ARM.Build.0 = Release|Any CPU
		{06AD4217-AC39-4967-AB83-21D945376D1B}.Release|ARM.Deploy.0 = Release|Any CPU
		{06AD4217-AC39-4967-AB83-21D945376D1B}.Release|iPhone.ActiveCfg = Release|Any CPU
		{06AD4217-AC39-4967-AB83-21D945376D1B}.Release|iPhone.Build.0 = Release|Any CPU
		{06AD4217-AC39-4967-AB83-21D945376D1B}.Release|iPhone.Deploy.0 = Release|Any CPU
		{06AD4217-AC39-4967-AB83-21D945376D1B}.Release|iPhoneSimulator.ActiveCfg = Release|Any CPU
		{06AD4217-AC39-4967-AB83-21D945376D1B}.Release|iPhoneSimulator.Build.0 = Release|Any CPU
		{06AD4217-AC39-4967-AB83-21D945376D1B}.Release|iPhoneSimulator.Deploy.0 = Release|Any CPU
		{06AD4217-AC39-4967-AB83-21D945376D1B}.Release|x64.ActiveCfg = Release|Any CPU
		{06AD4217-AC39-4967-AB83-21D945376D1B}.Release|x64.Build.0 = Release|Any CPU
		{06AD4217-AC39-4967-AB83-21D945376D1B}.Release|x64.Deploy.0 = Release|Any CPU
		{06AD4217-AC39-4967-AB83-21D945376D1B}.Release|x86.ActiveCfg = Release|Any CPU
		{06AD4217-AC39-4967-AB83-21D945376D1B}.Release|x86.Build.0 = Release|Any CPU
		{06AD4217-AC39-4967-AB83-21D945376D1B}.Release|x86.Deploy.0 = Release|Any CPU
		{D9C7370D-6F67-4838-93F9-240D5EC083A1}.Debug|Any CPU.ActiveCfg = Debug|Any CPU
		{D9C7370D-6F67-4838-93F9-240D5EC083A1}.Debug|Any CPU.Build.0 = Debug|Any CPU
		{D9C7370D-6F67-4838-93F9-240D5EC083A1}.Debug|ARM.ActiveCfg = Debug|Any CPU
		{D9C7370D-6F67-4838-93F9-240D5EC083A1}.Debug|ARM.Build.0 = Debug|Any CPU
		{D9C7370D-6F67-4838-93F9-240D5EC083A1}.Debug|iPhone.ActiveCfg = Debug|Any CPU
		{D9C7370D-6F67-4838-93F9-240D5EC083A1}.Debug|iPhone.Build.0 = Debug|Any CPU
		{D9C7370D-6F67-4838-93F9-240D5EC083A1}.Debug|iPhoneSimulator.ActiveCfg = Debug|Any CPU
		{D9C7370D-6F67-4838-93F9-240D5EC083A1}.Debug|iPhoneSimulator.Build.0 = Debug|Any CPU
		{D9C7370D-6F67-4838-93F9-240D5EC083A1}.Debug|x64.ActiveCfg = Debug|Any CPU
		{D9C7370D-6F67-4838-93F9-240D5EC083A1}.Debug|x64.Build.0 = Debug|Any CPU
		{D9C7370D-6F67-4838-93F9-240D5EC083A1}.Debug|x86.ActiveCfg = Debug|Any CPU
		{D9C7370D-6F67-4838-93F9-240D5EC083A1}.Debug|x86.Build.0 = Debug|Any CPU
		{D9C7370D-6F67-4838-93F9-240D5EC083A1}.Release|Any CPU.ActiveCfg = Release|Any CPU
		{D9C7370D-6F67-4838-93F9-240D5EC083A1}.Release|Any CPU.Build.0 = Release|Any CPU
		{D9C7370D-6F67-4838-93F9-240D5EC083A1}.Release|ARM.ActiveCfg = Release|Any CPU
		{D9C7370D-6F67-4838-93F9-240D5EC083A1}.Release|ARM.Build.0 = Release|Any CPU
		{D9C7370D-6F67-4838-93F9-240D5EC083A1}.Release|iPhone.ActiveCfg = Release|Any CPU
		{D9C7370D-6F67-4838-93F9-240D5EC083A1}.Release|iPhone.Build.0 = Release|Any CPU
		{D9C7370D-6F67-4838-93F9-240D5EC083A1}.Release|iPhoneSimulator.ActiveCfg = Release|Any CPU
		{D9C7370D-6F67-4838-93F9-240D5EC083A1}.Release|iPhoneSimulator.Build.0 = Release|Any CPU
		{D9C7370D-6F67-4838-93F9-240D5EC083A1}.Release|x64.ActiveCfg = Release|Any CPU
		{D9C7370D-6F67-4838-93F9-240D5EC083A1}.Release|x64.Build.0 = Release|Any CPU
		{D9C7370D-6F67-4838-93F9-240D5EC083A1}.Release|x86.ActiveCfg = Release|Any CPU
		{D9C7370D-6F67-4838-93F9-240D5EC083A1}.Release|x86.Build.0 = Release|Any CPU
		{DF674031-8827-4710-A040-563576A40B61}.Debug|Any CPU.ActiveCfg = Debug|iPhone
		{DF674031-8827-4710-A040-563576A40B61}.Debug|Any CPU.Build.0 = Debug|iPhone
		{DF674031-8827-4710-A040-563576A40B61}.Debug|ARM.ActiveCfg = Debug|iPhone
		{DF674031-8827-4710-A040-563576A40B61}.Debug|iPhone.ActiveCfg = Debug|iPhone
		{DF674031-8827-4710-A040-563576A40B61}.Debug|iPhone.Build.0 = Debug|iPhone
		{DF674031-8827-4710-A040-563576A40B61}.Debug|iPhoneSimulator.ActiveCfg = Debug|iPhoneSimulator
		{DF674031-8827-4710-A040-563576A40B61}.Debug|iPhoneSimulator.Build.0 = Debug|iPhoneSimulator
		{DF674031-8827-4710-A040-563576A40B61}.Debug|x64.ActiveCfg = Debug|iPhone
		{DF674031-8827-4710-A040-563576A40B61}.Debug|x86.ActiveCfg = Debug|iPhone
		{DF674031-8827-4710-A040-563576A40B61}.Release|Any CPU.ActiveCfg = Release|iPhone
		{DF674031-8827-4710-A040-563576A40B61}.Release|ARM.ActiveCfg = Release|iPhone
		{DF674031-8827-4710-A040-563576A40B61}.Release|iPhone.ActiveCfg = Release|iPhone
		{DF674031-8827-4710-A040-563576A40B61}.Release|iPhone.Build.0 = Release|iPhone
		{DF674031-8827-4710-A040-563576A40B61}.Release|iPhoneSimulator.ActiveCfg = Release|iPhoneSimulator
		{DF674031-8827-4710-A040-563576A40B61}.Release|iPhoneSimulator.Build.0 = Release|iPhoneSimulator
		{DF674031-8827-4710-A040-563576A40B61}.Release|x64.ActiveCfg = Release|iPhone
		{DF674031-8827-4710-A040-563576A40B61}.Release|x86.ActiveCfg = Release|iPhone
		{EEF79043-5C7F-4F3C-90C8-82E133EB4E63}.Debug|Any CPU.ActiveCfg = Debug|Any CPU
		{EEF79043-5C7F-4F3C-90C8-82E133EB4E63}.Debug|Any CPU.Build.0 = Debug|Any CPU
		{EEF79043-5C7F-4F3C-90C8-82E133EB4E63}.Debug|ARM.ActiveCfg = Debug|Any CPU
		{EEF79043-5C7F-4F3C-90C8-82E133EB4E63}.Debug|ARM.Build.0 = Debug|Any CPU
		{EEF79043-5C7F-4F3C-90C8-82E133EB4E63}.Debug|iPhone.ActiveCfg = Debug|Any CPU
		{EEF79043-5C7F-4F3C-90C8-82E133EB4E63}.Debug|iPhone.Build.0 = Debug|Any CPU
		{EEF79043-5C7F-4F3C-90C8-82E133EB4E63}.Debug|iPhoneSimulator.ActiveCfg = Debug|Any CPU
		{EEF79043-5C7F-4F3C-90C8-82E133EB4E63}.Debug|iPhoneSimulator.Build.0 = Debug|Any CPU
		{EEF79043-5C7F-4F3C-90C8-82E133EB4E63}.Debug|x64.ActiveCfg = Debug|Any CPU
		{EEF79043-5C7F-4F3C-90C8-82E133EB4E63}.Debug|x64.Build.0 = Debug|Any CPU
		{EEF79043-5C7F-4F3C-90C8-82E133EB4E63}.Debug|x86.ActiveCfg = Debug|Any CPU
		{EEF79043-5C7F-4F3C-90C8-82E133EB4E63}.Debug|x86.Build.0 = Debug|Any CPU
		{EEF79043-5C7F-4F3C-90C8-82E133EB4E63}.Release|Any CPU.ActiveCfg = Release|Any CPU
		{EEF79043-5C7F-4F3C-90C8-82E133EB4E63}.Release|Any CPU.Build.0 = Release|Any CPU
		{EEF79043-5C7F-4F3C-90C8-82E133EB4E63}.Release|ARM.ActiveCfg = Release|Any CPU
		{EEF79043-5C7F-4F3C-90C8-82E133EB4E63}.Release|ARM.Build.0 = Release|Any CPU
		{EEF79043-5C7F-4F3C-90C8-82E133EB4E63}.Release|iPhone.ActiveCfg = Release|Any CPU
		{EEF79043-5C7F-4F3C-90C8-82E133EB4E63}.Release|iPhone.Build.0 = Release|Any CPU
		{EEF79043-5C7F-4F3C-90C8-82E133EB4E63}.Release|iPhoneSimulator.ActiveCfg = Release|Any CPU
		{EEF79043-5C7F-4F3C-90C8-82E133EB4E63}.Release|iPhoneSimulator.Build.0 = Release|Any CPU
		{EEF79043-5C7F-4F3C-90C8-82E133EB4E63}.Release|x64.ActiveCfg = Release|Any CPU
		{EEF79043-5C7F-4F3C-90C8-82E133EB4E63}.Release|x64.Build.0 = Release|Any CPU
		{EEF79043-5C7F-4F3C-90C8-82E133EB4E63}.Release|x86.ActiveCfg = Release|Any CPU
		{EEF79043-5C7F-4F3C-90C8-82E133EB4E63}.Release|x86.Build.0 = Release|Any CPU
		{6F73AE06-C47E-47B7-A2FE-DE32EE2C289B}.Debug|Any CPU.ActiveCfg = Debug|Any CPU
		{6F73AE06-C47E-47B7-A2FE-DE32EE2C289B}.Debug|Any CPU.Build.0 = Debug|Any CPU
		{6F73AE06-C47E-47B7-A2FE-DE32EE2C289B}.Debug|ARM.ActiveCfg = Debug|Any CPU
		{6F73AE06-C47E-47B7-A2FE-DE32EE2C289B}.Debug|ARM.Build.0 = Debug|Any CPU
		{6F73AE06-C47E-47B7-A2FE-DE32EE2C289B}.Debug|iPhone.ActiveCfg = Debug|Any CPU
		{6F73AE06-C47E-47B7-A2FE-DE32EE2C289B}.Debug|iPhone.Build.0 = Debug|Any CPU
		{6F73AE06-C47E-47B7-A2FE-DE32EE2C289B}.Debug|iPhoneSimulator.ActiveCfg = Debug|Any CPU
		{6F73AE06-C47E-47B7-A2FE-DE32EE2C289B}.Debug|iPhoneSimulator.Build.0 = Debug|Any CPU
		{6F73AE06-C47E-47B7-A2FE-DE32EE2C289B}.Debug|x64.ActiveCfg = Debug|Any CPU
		{6F73AE06-C47E-47B7-A2FE-DE32EE2C289B}.Debug|x64.Build.0 = Debug|Any CPU
		{6F73AE06-C47E-47B7-A2FE-DE32EE2C289B}.Debug|x86.ActiveCfg = Debug|Any CPU
		{6F73AE06-C47E-47B7-A2FE-DE32EE2C289B}.Debug|x86.Build.0 = Debug|Any CPU
		{6F73AE06-C47E-47B7-A2FE-DE32EE2C289B}.Release|Any CPU.ActiveCfg = Release|Any CPU
		{6F73AE06-C47E-47B7-A2FE-DE32EE2C289B}.Release|Any CPU.Build.0 = Release|Any CPU
		{6F73AE06-C47E-47B7-A2FE-DE32EE2C289B}.Release|ARM.ActiveCfg = Release|Any CPU
		{6F73AE06-C47E-47B7-A2FE-DE32EE2C289B}.Release|ARM.Build.0 = Release|Any CPU
		{6F73AE06-C47E-47B7-A2FE-DE32EE2C289B}.Release|iPhone.ActiveCfg = Release|Any CPU
		{6F73AE06-C47E-47B7-A2FE-DE32EE2C289B}.Release|iPhone.Build.0 = Release|Any CPU
		{6F73AE06-C47E-47B7-A2FE-DE32EE2C289B}.Release|iPhoneSimulator.ActiveCfg = Release|Any CPU
		{6F73AE06-C47E-47B7-A2FE-DE32EE2C289B}.Release|iPhoneSimulator.Build.0 = Release|Any CPU
		{6F73AE06-C47E-47B7-A2FE-DE32EE2C289B}.Release|x64.ActiveCfg = Release|Any CPU
		{6F73AE06-C47E-47B7-A2FE-DE32EE2C289B}.Release|x64.Build.0 = Release|Any CPU
		{6F73AE06-C47E-47B7-A2FE-DE32EE2C289B}.Release|x86.ActiveCfg = Release|Any CPU
		{6F73AE06-C47E-47B7-A2FE-DE32EE2C289B}.Release|x86.Build.0 = Release|Any CPU
	EndGlobalSection
	GlobalSection(SolutionProperties) = preSolution
		HideSolutionNode = FALSE
	EndGlobalSection
	GlobalSection(ExtensibilityGlobals) = postSolution
		SolutionGuid = {12AFAEA0-6583-4124-B7B5-9D5CA76032E1}
	EndGlobalSection
EndGlobal
